
Microsoft Visual Studio Solution File, Format Version 12.00
# Visual Studio Version 17
VisualStudioVersion = 17.14.36121.58
MinimumVisualStudioVersion = 10.0.40219.1
Project("{FAE04EC0-301F-11D3-BF4B-00C04F79EFBC}") = "ClinicaVeterinaria", "ClinicaVeterinaria.csproj", "{FF234317-D011-4B35-AF1F-39A10E30189B}"
EndProject
Global
	GlobalSection(SolutionConfigurationPlatforms) = preSolution
		Debug|Any CPU = Debug|Any CPU
		Release|Any CPU = Release|Any CPU
	EndGlobalSection
	GlobalSection(ProjectConfigurationPlatforms) = postSolution
		{FF234317-D011-4B35-AF1F-39A10E30189B}.Debug|Any CPU.ActiveCfg = Debug|Any CPU
		{FF234317-D011-4B35-AF1F-39A10E30189B}.Debug|Any CPU.Build.0 = Debug|Any CPU
		{FF234317-D011-4B35-AF1F-39A10E30189B}.Release|Any CPU.ActiveCfg = Release|Any CPU
		{FF234317-D011-4B35-AF1F-39A10E30189B}.Release|Any CPU.Build.0 = Release|Any CPU
	EndGlobalSection
	GlobalSection(SolutionProperties) = preSolution
		HideSolutionNode = FALSE
	EndGlobalSection
	GlobalSection(ExtensibilityGlobals) = postSolution
		SolutionGuid = {A6B50AE8-7174-4536-B949-F650A90B754A}
	EndGlobalSection
EndGlobal
